<Solution>
  <!-- [2026-09-15] Unified repo layout: one solution at the repo root, one folder per
       project. Project folders stay mutually independent (never nested inside another
       project folder) so that each project's default source glob stays its own. -->
  <Project Path="InkPrinterCode\InkPrinterCode.csproj" />
  <Project Path="DominoA200Sdk\DominoA200Sdk.csproj" />
  <Project Path="DominoMockServer\DominoMockServer.csproj" />
  <Project Path="DemoConsoleApp\DemoConsoleApp.csproj" />
  <Project Path="DominoSdk.Harness\DominoSdk.Harness.csproj" />
</Solution>
